// !$*UTF8*$!
{
	archiveVersion = 1;
	classes = {
	};
	objectVersion = 56;
	objects = {

/* Begin PBXBuildFile section */
		571023BB2B94CAF000E640B2 /* RecipeDescriptionCell.swift in Sources */ = {isa = PBXBuildFile; fileRef = 571023BA2B94CAF000E640B2 /* RecipeDescriptionCell.swift */; };
		571023BD2B96489700E640B2 /* LineTableCell.swift in Sources */ = {isa = PBXBuildFile; fileRef = 571023BC2B96489700E640B2 /* LineTableCell.swift */; };
		572A28142B5C567D00B99711 /* AppDelegate.swift in Sources */ = {isa = PBXBuildFile; fileRef = 572A28132B5C567D00B99711 /* AppDelegate.swift */; };
		572A28162B5C567D00B99711 /* SceneDelegate.swift in Sources */ = {isa = PBXBuildFile; fileRef = 572A28152B5C567D00B99711 /* SceneDelegate.swift */; };
		572A281D2B5C567E00B99711 /* Assets.xcassets in Resources */ = {isa = PBXBuildFile; fileRef = 572A281C2B5C567E00B99711 /* Assets.xcassets */; };
		572A28202B5C567E00B99711 /* LaunchScreen.storyboard in Resources */ = {isa = PBXBuildFile; fileRef = 572A281E2B5C567E00B99711 /* LaunchScreen.storyboard */; };
		5738637D2B6CFF6100A944C9 /* Categorylabel + image.swift in Sources */ = {isa = PBXBuildFile; fileRef = 5738637C2B6CFF6100A944C9 /* Categorylabel + image.swift */; };
		573C86892B715F7E00177AA8 /* SearchButton.swift in Sources */ = {isa = PBXBuildFile; fileRef = 573C86882B715F7E00177AA8 /* SearchButton.swift */; };
		573C868B2B72AEF700177AA8 /* BackButton.swift in Sources */ = {isa = PBXBuildFile; fileRef = 573C868A2B72AEF700177AA8 /* BackButton.swift */; };
		573C868F2B72BE9E00177AA8 /* Resources.swift in Sources */ = {isa = PBXBuildFile; fileRef = 573C868E2B72BE9E00177AA8 /* Resources.swift */; };
		573C86912B74018400177AA8 /* CategoriesProductsCell.swift in Sources */ = {isa = PBXBuildFile; fileRef = 573C86902B74018400177AA8 /* CategoriesProductsCell.swift */; };
		573C86932B7566B000177AA8 /* CategoryProducts.swift in Sources */ = {isa = PBXBuildFile; fileRef = 573C86922B7566B000177AA8 /* CategoryProducts.swift */; };
		574C7BC42BC4388E007B2493 /* ListTableViewCell.swift in Sources */ = {isa = PBXBuildFile; fileRef = 574C7BC32BC4388E007B2493 /* ListTableViewCell.swift */; };
		574C7BC62BC486BA007B2493 /* PurchaseListManager.swift in Sources */ = {isa = PBXBuildFile; fileRef = 574C7BC52BC486BA007B2493 /* PurchaseListManager.swift */; };
		5753E8AF2BBB35E7006AAB18 /* FullInfoRecipeViewModel.swift in Sources */ = {isa = PBXBuildFile; fileRef = 5753E8AE2BBB35E7006AAB18 /* FullInfoRecipeViewModel.swift */; };
		5753E8B12BBB4E33006AAB18 /* FavouritesViewModel.swift in Sources */ = {isa = PBXBuildFile; fileRef = 5753E8B02BBB4E33006AAB18 /* FavouritesViewModel.swift */; };
		575ACE022BC7080200599576 /* ListVIewModel.swift in Sources */ = {isa = PBXBuildFile; fileRef = 575ACE012BC7080200599576 /* ListVIewModel.swift */; };
		576725AB2B62E7A500C3C30E /* SoupsViewController.swift in Sources */ = {isa = PBXBuildFile; fileRef = 576725AA2B62E7A500C3C30E /* SoupsViewController.swift */; };
		576725AD2B62E7D600C3C30E /* HotDishesViewController.swift in Sources */ = {isa = PBXBuildFile; fileRef = 576725AC2B62E7D600C3C30E /* HotDishesViewController.swift */; };
		576725AF2B62E7F400C3C30E /* SaladsViewController.swift in Sources */ = {isa = PBXBuildFile; fileRef = 576725AE2B62E7F400C3C30E /* SaladsViewController.swift */; };
		576725B12B62E80A00C3C30E /* SnacksViewController.swift in Sources */ = {isa = PBXBuildFile; fileRef = 576725B02B62E80A00C3C30E /* SnacksViewController.swift */; };
		576725B32B62E82300C3C30E /* DessertViewController.swift in Sources */ = {isa = PBXBuildFile; fileRef = 576725B22B62E82300C3C30E /* DessertViewController.swift */; };
		576725B52B62E83600C3C30E /* BeveragesViewController.swift in Sources */ = {isa = PBXBuildFile; fileRef = 576725B42B62E83600C3C30E /* BeveragesViewController.swift */; };
		576725B72B62E85C00C3C30E /* SoupsViewModel.swift in Sources */ = {isa = PBXBuildFile; fileRef = 576725B62B62E85C00C3C30E /* SoupsViewModel.swift */; };
		576725B92B62E87300C3C30E /* HotDishesViewModel.swift in Sources */ = {isa = PBXBuildFile; fileRef = 576725B82B62E87300C3C30E /* HotDishesViewModel.swift */; };
		576725BD2B62E89700C3C30E /* SaladsViewModel.swift in Sources */ = {isa = PBXBuildFile; fileRef = 576725BC2B62E89700C3C30E /* SaladsViewModel.swift */; };
		576725BF2B62E8AD00C3C30E /* SnacksViewModel.swift in Sources */ = {isa = PBXBuildFile; fileRef = 576725BE2B62E8AD00C3C30E /* SnacksViewModel.swift */; };
		576725C12B62E8BF00C3C30E /* DessertViewModel.swift in Sources */ = {isa = PBXBuildFile; fileRef = 576725C02B62E8BF00C3C30E /* DessertViewModel.swift */; };
		576725C32B62E8D400C3C30E /* BeveragesViewModel.swift in Sources */ = {isa = PBXBuildFile; fileRef = 576725C22B62E8D400C3C30E /* BeveragesViewModel.swift */; };
		57957F062B80C05E0027D234 /* Realm in Frameworks */ = {isa = PBXBuildFile; productRef = 57957F052B80C05E0027D234 /* Realm */; };
		57957F082B80C05E0027D234 /* RealmSwift in Frameworks */ = {isa = PBXBuildFile; productRef = 57957F072B80C05E0027D234 /* RealmSwift */; };
		57957F0A2B80C1710027D234 /* RecipesModel.swift in Sources */ = {isa = PBXBuildFile; fileRef = 57957F092B80C1710027D234 /* RecipesModel.swift */; };
		57957F0C2B80C3D50027D234 /* RecipesManager.swift in Sources */ = {isa = PBXBuildFile; fileRef = 57957F0B2B80C3D50027D234 /* RecipesManager.swift */; };
		57A5526E2B681BFB00FCF08D /* HomeViewController.swift in Sources */ = {isa = PBXBuildFile; fileRef = 57A5526D2B681BFB00FCF08D /* HomeViewController.swift */; };
		57A552702B681C1C00FCF08D /* FavouritesViewController.swift in Sources */ = {isa = PBXBuildFile; fileRef = 57A5526F2B681C1C00FCF08D /* FavouritesViewController.swift */; };
		57A552722B681C4800FCF08D /* ListViewController.swift in Sources */ = {isa = PBXBuildFile; fileRef = 57A552712B681C4800FCF08D /* ListViewController.swift */; };
		57A552742B6832D200FCF08D /* BaseViewController.swift in Sources */ = {isa = PBXBuildFile; fileRef = 57A552732B6832D200FCF08D /* BaseViewController.swift */; };
		57A552772B6836E200FCF08D /* SnapKit in Frameworks */ = {isa = PBXBuildFile; productRef = 57A552762B6836E200FCF08D /* SnapKit */; };
		57A552792B6836E200FCF08D /* SnapKit-Dynamic in Frameworks */ = {isa = PBXBuildFile; productRef = 57A552782B6836E200FCF08D /* SnapKit-Dynamic */; };
		57A5527C2B69804700FCF08D /* TabBarController.swift in Sources */ = {isa = PBXBuildFile; fileRef = 57A5527B2B69804700FCF08D /* TabBarController.swift */; };
		57A5527E2B69887900FCF08D /* CategoriesDishesCell.swift in Sources */ = {isa = PBXBuildFile; fileRef = 57A5527D2B69887900FCF08D /* CategoriesDishesCell.swift */; };
		57A886182B7A9A1A00F42679 /* CatalogRecipesCollectionCell.swift in Sources */ = {isa = PBXBuildFile; fileRef = 57A886172B7A9A1A00F42679 /* CatalogRecipesCollectionCell.swift */; };
		57FEBF2C2B8BAE490098A10F /* FullInfoRecipeController.swift in Sources */ = {isa = PBXBuildFile; fileRef = 57FEBF2B2B8BAE490098A10F /* FullInfoRecipeController.swift */; };
		57FEBF2E2B8BC5130098A10F /* RecipeTableCell.swift in Sources */ = {isa = PBXBuildFile; fileRef = 57FEBF2D2B8BC5130098A10F /* RecipeTableCell.swift */; };
/* End PBXBuildFile section */

/* Begin PBXFileReference section */
		571023BA2B94CAF000E640B2 /* RecipeDescriptionCell.swift */ = {isa = PBXFileReference; lastKnownFileType = sourcecode.swift; path = RecipeDescriptionCell.swift; sourceTree = "<group>"; };
		571023BC2B96489700E640B2 /* LineTableCell.swift */ = {isa = PBXFileReference; lastKnownFileType = sourcecode.swift; path = LineTableCell.swift; sourceTree = "<group>"; };
		572A28102B5C567D00B99711 /* Kitchen Helper.app */ = {isa = PBXFileReference; explicitFileType = wrapper.application; includeInIndex = 0; path = "Kitchen Helper.app"; sourceTree = BUILT_PRODUCTS_DIR; };
		572A28132B5C567D00B99711 /* AppDelegate.swift */ = {isa = PBXFileReference; lastKnownFileType = sourcecode.swift; path = AppDelegate.swift; sourceTree = "<group>"; };
		572A28152B5C567D00B99711 /* SceneDelegate.swift */ = {isa = PBXFileReference; lastKnownFileType = sourcecode.swift; path = SceneDelegate.swift; sourceTree = "<group>"; };
		572A281C2B5C567E00B99711 /* Assets.xcassets */ = {isa = PBXFileReference; lastKnownFileType = folder.assetcatalog; path = Assets.xcassets; sourceTree = "<group>"; };
		572A281F2B5C567E00B99711 /* Base */ = {isa = PBXFileReference; lastKnownFileType = file.storyboard; name = Base; path = Base.lproj/LaunchScreen.storyboard; sourceTree = "<group>"; };
		572A28212B5C567E00B99711 /* Info.plist */ = {isa = PBXFileReference; lastKnownFileType = text.plist.xml; path = Info.plist; sourceTree = "<group>"; };
		5738637C2B6CFF6100A944C9 /* Categorylabel + image.swift */ = {isa = PBXFileReference; lastKnownFileType = sourcecode.swift; path = "Categorylabel + image.swift"; sourceTree = "<group>"; };
		573C86882B715F7E00177AA8 /* SearchButton.swift */ = {isa = PBXFileReference; lastKnownFileType = sourcecode.swift; path = SearchButton.swift; sourceTree = "<group>"; };
		573C868A2B72AEF700177AA8 /* BackButton.swift */ = {isa = PBXFileReference; lastKnownFileType = sourcecode.swift; path = BackButton.swift; sourceTree = "<group>"; };
		573C868E2B72BE9E00177AA8 /* Resources.swift */ = {isa = PBXFileReference; lastKnownFileType = sourcecode.swift; path = Resources.swift; sourceTree = "<group>"; };
		573C86902B74018400177AA8 /* CategoriesProductsCell.swift */ = {isa = PBXFileReference; lastKnownFileType = sourcecode.swift; path = CategoriesProductsCell.swift; sourceTree = "<group>"; };
		573C86922B7566B000177AA8 /* CategoryProducts.swift */ = {isa = PBXFileReference; lastKnownFileType = sourcecode.swift; path = CategoryProducts.swift; sourceTree = "<group>"; };
		574C7BC32BC4388E007B2493 /* ListTableViewCell.swift */ = {isa = PBXFileReference; lastKnownFileType = sourcecode.swift; path = ListTableViewCell.swift; sourceTree = "<group>"; };
		574C7BC52BC486BA007B2493 /* PurchaseListManager.swift */ = {isa = PBXFileReference; lastKnownFileType = sourcecode.swift; path = PurchaseListManager.swift; sourceTree = "<group>"; };
		5753E8AE2BBB35E7006AAB18 /* FullInfoRecipeViewModel.swift */ = {isa = PBXFileReference; lastKnownFileType = sourcecode.swift; path = FullInfoRecipeViewModel.swift; sourceTree = "<group>"; };
		5753E8B02BBB4E33006AAB18 /* FavouritesViewModel.swift */ = {isa = PBXFileReference; lastKnownFileType = sourcecode.swift; path = FavouritesViewModel.swift; sourceTree = "<group>"; };
		575ACE012BC7080200599576 /* ListVIewModel.swift */ = {isa = PBXFileReference; lastKnownFileType = sourcecode.swift; path = ListVIewModel.swift; sourceTree = "<group>"; };
		576725AA2B62E7A500C3C30E /* SoupsViewController.swift */ = {isa = PBXFileReference; lastKnownFileType = sourcecode.swift; path = SoupsViewController.swift; sourceTree = "<group>"; };
		576725AC2B62E7D600C3C30E /* HotDishesViewController.swift */ = {isa = PBXFileReference; lastKnownFileType = sourcecode.swift; path = HotDishesViewController.swift; sourceTree = "<group>"; };
		576725AE2B62E7F400C3C30E /* SaladsViewController.swift */ = {isa = PBXFileReference; lastKnownFileType = sourcecode.swift; path = SaladsViewController.swift; sourceTree = "<group>"; };
		576725B02B62E80A00C3C30E /* SnacksViewController.swift */ = {isa = PBXFileReference; lastKnownFileType = sourcecode.swift; path = SnacksViewController.swift; sourceTree = "<group>"; };
		576725B22B62E82300C3C30E /* DessertViewController.swift */ = {isa = PBXFileReference; lastKnownFileType = sourcecode.swift; path = DessertViewController.swift; sourceTree = "<group>"; };
		576725B42B62E83600C3C30E /* BeveragesViewController.swift */ = {isa = PBXFileReference; lastKnownFileType = sourcecode.swift; path = BeveragesViewController.swift; sourceTree = "<group>"; };
		576725B62B62E85C00C3C30E /* SoupsViewModel.swift */ = {isa = PBXFileReference; lastKnownFileType = sourcecode.swift; path = SoupsViewModel.swift; sourceTree = "<group>"; };
		576725B82B62E87300C3C30E /* HotDishesViewModel.swift */ = {isa = PBXFileReference; lastKnownFileType = sourcecode.swift; path = HotDishesViewModel.swift; sourceTree = "<group>"; };
		576725BC2B62E89700C3C30E /* SaladsViewModel.swift */ = {isa = PBXFileReference; lastKnownFileType = sourcecode.swift; path = SaladsViewModel.swift; sourceTree = "<group>"; };
		576725BE2B62E8AD00C3C30E /* SnacksViewModel.swift */ = {isa = PBXFileReference; lastKnownFileType = sourcecode.swift; path = SnacksViewModel.swift; sourceTree = "<group>"; };
		576725C02B62E8BF00C3C30E /* DessertViewModel.swift */ = {isa = PBXFileReference; lastKnownFileType = sourcecode.swift; path = DessertViewModel.swift; sourceTree = "<group>"; };
		576725C22B62E8D400C3C30E /* BeveragesViewModel.swift */ = {isa = PBXFileReference; lastKnownFileType = sourcecode.swift; path = BeveragesViewModel.swift; sourceTree = "<group>"; };
		57957F092B80C1710027D234 /* RecipesModel.swift */ = {isa = PBXFileReference; lastKnownFileType = sourcecode.swift; path = RecipesModel.swift; sourceTree = "<group>"; };
		57957F0B2B80C3D50027D234 /* RecipesManager.swift */ = {isa = PBXFileReference; lastKnownFileType = sourcecode.swift; path = RecipesManager.swift; sourceTree = "<group>"; };
		57A5526D2B681BFB00FCF08D /* HomeViewController.swift */ = {isa = PBXFileReference; lastKnownFileType = sourcecode.swift; path = HomeViewController.swift; sourceTree = "<group>"; };
		57A5526F2B681C1C00FCF08D /* FavouritesViewController.swift */ = {isa = PBXFileReference; lastKnownFileType = sourcecode.swift; path = FavouritesViewController.swift; sourceTree = "<group>"; };
		57A552712B681C4800FCF08D /* ListViewController.swift */ = {isa = PBXFileReference; lastKnownFileType = sourcecode.swift; path = ListViewController.swift; sourceTree = "<group>"; };
		57A552732B6832D200FCF08D /* BaseViewController.swift */ = {isa = PBXFileReference; lastKnownFileType = sourcecode.swift; path = BaseViewController.swift; sourceTree = "<group>"; };
		57A5527B2B69804700FCF08D /* TabBarController.swift */ = {isa = PBXFileReference; lastKnownFileType = sourcecode.swift; path = TabBarController.swift; sourceTree = "<group>"; };
		57A5527D2B69887900FCF08D /* CategoriesDishesCell.swift */ = {isa = PBXFileReference; lastKnownFileType = sourcecode.swift; path = CategoriesDishesCell.swift; sourceTree = "<group>"; };
		57A886172B7A9A1A00F42679 /* CatalogRecipesCollectionCell.swift */ = {isa = PBXFileReference; lastKnownFileType = sourcecode.swift; path = CatalogRecipesCollectionCell.swift; sourceTree = "<group>"; };
		57FEBF2B2B8BAE490098A10F /* FullInfoRecipeController.swift */ = {isa = PBXFileReference; lastKnownFileType = sourcecode.swift; path = FullInfoRecipeController.swift; sourceTree = "<group>"; };
		57FEBF2D2B8BC5130098A10F /* RecipeTableCell.swift */ = {isa = PBXFileReference; lastKnownFileType = sourcecode.swift; path = RecipeTableCell.swift; sourceTree = "<group>"; };
/* End PBXFileReference section */

/* Begin PBXFrameworksBuildPhase section */
		572A280D2B5C567D00B99711 /* Frameworks */ = {
			isa = PBXFrameworksBuildPhase;
			buildActionMask = 2147483647;
			files = (
				57957F082B80C05E0027D234 /* RealmSwift in Frameworks */,
				57957F062B80C05E0027D234 /* Realm in Frameworks */,
				57A552772B6836E200FCF08D /* SnapKit in Frameworks */,
				57A552792B6836E200FCF08D /* SnapKit-Dynamic in Frameworks */,
			);
			runOnlyForDeploymentPostprocessing = 0;
		};
/* End PBXFrameworksBuildPhase section */

/* Begin PBXGroup section */
		572A28072B5C567D00B99711 = {
			isa = PBXGroup;
			children = (
				572A28122B5C567D00B99711 /* Kitchen Helper */,
				572A28112B5C567D00B99711 /* Products */,
			);
			sourceTree = "<group>";
		};
		572A28112B5C567D00B99711 /* Products */ = {
			isa = PBXGroup;
			children = (
				572A28102B5C567D00B99711 /* Kitchen Helper.app */,
			);
			name = Products;
			sourceTree = "<group>";
		};
		572A28122B5C567D00B99711 /* Kitchen Helper */ = {
			isa = PBXGroup;
			children = (
				5767259B2B618CFE00C3C30E /* Application */,
				5738637B2B6CFF3C00A944C9 /* Resources */,
				57A5527A2B69781400FCF08D /* Views */,
				576725A52B618DEE00C3C30E /* ViewsModels */,
				576725A42B618DE300C3C30E /* ViewControllers */,
				576725A12B618DB000C3C30E /* Models */,
				5767259C2B618D0F00C3C30E /* Others */,
			);
			path = "Kitchen Helper";
			sourceTree = "<group>";
		};
		5738637B2B6CFF3C00A944C9 /* Resources */ = {
			isa = PBXGroup;
			children = (
				5738637C2B6CFF6100A944C9 /* Categorylabel + image.swift */,
				573C86922B7566B000177AA8 /* CategoryProducts.swift */,
				573C868E2B72BE9E00177AA8 /* Resources.swift */,
			);
			path = Resources;
			sourceTree = "<group>";
		};
		573C868C2B72AF0400177AA8 /* Buttons */ = {
			isa = PBXGroup;
			children = (
				573C868A2B72AEF700177AA8 /* BackButton.swift */,
				573C86882B715F7E00177AA8 /* SearchButton.swift */,
			);
			path = Buttons;
			sourceTree = "<group>";
		};
		573C868D2B72AF0E00177AA8 /* Cells */ = {
			isa = PBXGroup;
			children = (
				57A5527D2B69887900FCF08D /* CategoriesDishesCell.swift */,
				573C86902B74018400177AA8 /* CategoriesProductsCell.swift */,
				57A886172B7A9A1A00F42679 /* CatalogRecipesCollectionCell.swift */,
				57FEBF2D2B8BC5130098A10F /* RecipeTableCell.swift */,
				571023BA2B94CAF000E640B2 /* RecipeDescriptionCell.swift */,
				571023BC2B96489700E640B2 /* LineTableCell.swift */,
				574C7BC32BC4388E007B2493 /* ListTableViewCell.swift */,
			);
			path = Cells;
			sourceTree = "<group>";
		};
		5767259B2B618CFE00C3C30E /* Application */ = {
			isa = PBXGroup;
			children = (
				572A28152B5C567D00B99711 /* SceneDelegate.swift */,
				572A28132B5C567D00B99711 /* AppDelegate.swift */,
			);
			path = Application;
			sourceTree = "<group>";
		};
		5767259C2B618D0F00C3C30E /* Others */ = {
			isa = PBXGroup;
			children = (
				572A281E2B5C567E00B99711 /* LaunchScreen.storyboard */,
				572A28212B5C567E00B99711 /* Info.plist */,
				572A281C2B5C567E00B99711 /* Assets.xcassets */,
			);
			path = Others;
			sourceTree = "<group>";
		};
		576725A12B618DB000C3C30E /* Models */ = {
			isa = PBXGroup;
			children = (
				57957F0B2B80C3D50027D234 /* RecipesManager.swift */,
				57957F092B80C1710027D234 /* RecipesModel.swift */,
				574C7BC52BC486BA007B2493 /* PurchaseListManager.swift */,
			);
			path = Models;
			sourceTree = "<group>";
		};
		576725A42B618DE300C3C30E /* ViewControllers */ = {
			isa = PBXGroup;
			children = (
				576725AA2B62E7A500C3C30E /* SoupsViewController.swift */,
				576725AC2B62E7D600C3C30E /* HotDishesViewController.swift */,
				576725AE2B62E7F400C3C30E /* SaladsViewController.swift */,
				576725B02B62E80A00C3C30E /* SnacksViewController.swift */,
				576725B22B62E82300C3C30E /* DessertViewController.swift */,
				576725B42B62E83600C3C30E /* BeveragesViewController.swift */,
				57A5526D2B681BFB00FCF08D /* HomeViewController.swift */,
				57A5526F2B681C1C00FCF08D /* FavouritesViewController.swift */,
				57A552712B681C4800FCF08D /* ListViewController.swift */,
				57A552732B6832D200FCF08D /* BaseViewController.swift */,
				57A5527B2B69804700FCF08D /* TabBarController.swift */,
				57FEBF2B2B8BAE490098A10F /* FullInfoRecipeController.swift */,
			);
			path = ViewControllers;
			sourceTree = "<group>";
		};
		576725A52B618DEE00C3C30E /* ViewsModels */ = {
			isa = PBXGroup;
			children = (
				576725B62B62E85C00C3C30E /* SoupsViewModel.swift */,
				576725B82B62E87300C3C30E /* HotDishesViewModel.swift */,
				576725BC2B62E89700C3C30E /* SaladsViewModel.swift */,
				576725BE2B62E8AD00C3C30E /* SnacksViewModel.swift */,
				576725C02B62E8BF00C3C30E /* DessertViewModel.swift */,
				576725C22B62E8D400C3C30E /* BeveragesViewModel.swift */,
				5753E8AE2BBB35E7006AAB18 /* FullInfoRecipeViewModel.swift */,
				5753E8B02BBB4E33006AAB18 /* FavouritesViewModel.swift */,
				575ACE012BC7080200599576 /* ListVIewModel.swift */,
			);
			path = ViewsModels;
			sourceTree = "<group>";
		};
		57A5527A2B69781400FCF08D /* Views */ = {
			isa = PBXGroup;
			children = (
				573C868D2B72AF0E00177AA8 /* Cells */,
				573C868C2B72AF0400177AA8 /* Buttons */,
			);
			path = Views;
			sourceTree = "<group>";
		};
/* End PBXGroup section */

/* Begin PBXNativeTarget section */
		572A280F2B5C567D00B99711 /* Kitchen Helper */ = {
			isa = PBXNativeTarget;
			buildConfigurationList = 572A28242B5C567E00B99711 /* Build configuration list for PBXNativeTarget "Kitchen Helper" */;
			buildPhases = (
				572A280C2B5C567D00B99711 /* Sources */,
				572A280D2B5C567D00B99711 /* Frameworks */,
				572A280E2B5C567D00B99711 /* Resources */,
			);
			buildRules = (
			);
			dependencies = (
			);
			name = "Kitchen Helper";
			packageProductDependencies = (
				57A552762B6836E200FCF08D /* SnapKit */,
				57A552782B6836E200FCF08D /* SnapKit-Dynamic */,
				57957F052B80C05E0027D234 /* Realm */,
				57957F072B80C05E0027D234 /* RealmSwift */,
			);
			productName = "Kitchen Helper";
			productReference = 572A28102B5C567D00B99711 /* Kitchen Helper.app */;
			productType = "com.apple.product-type.application";
		};
/* End PBXNativeTarget section */

/* Begin PBXProject section */
		572A28082B5C567D00B99711 /* Project object */ = {
			isa = PBXProject;
			attributes = {
				BuildIndependentTargetsInParallel = 1;
				LastSwiftUpdateCheck = 1520;
				LastUpgradeCheck = 1520;
				TargetAttributes = {
					572A280F2B5C567D00B99711 = {
						CreatedOnToolsVersion = 15.2;
					};
				};
			};
			buildConfigurationList = 572A280B2B5C567D00B99711 /* Build configuration list for PBXProject "Kitchen Helper" */;
			compatibilityVersion = "Xcode 14.0";
			developmentRegion = en;
			hasScannedForEncodings = 0;
			knownRegions = (
				en,
				Base,
			);
			mainGroup = 572A28072B5C567D00B99711;
			packageReferences = (
				57A552752B6836E200FCF08D /* XCRemoteSwiftPackageReference "SnapKit" */,
				57957F042B80C05E0027D234 /* XCRemoteSwiftPackageReference "realm-swift" */,
			);
			productRefGroup = 572A28112B5C567D00B99711 /* Products */;
			projectDirPath = "";
			projectRoot = "";
			targets = (
				572A280F2B5C567D00B99711 /* Kitchen Helper */,
			);
		};
/* End PBXProject section */

/* Begin PBXResourcesBuildPhase section */
		572A280E2B5C567D00B99711 /* Resources */ = {
			isa = PBXResourcesBuildPhase;
			buildActionMask = 2147483647;
			files = (
				572A28202B5C567E00B99711 /* LaunchScreen.storyboard in Resources */,
				572A281D2B5C567E00B99711 /* Assets.xcassets in Resources */,
			);
			runOnlyForDeploymentPostprocessing = 0;
		};
/* End PBXResourcesBuildPhase section */

/* Begin PBXSourcesBuildPhase section */
		572A280C2B5C567D00B99711 /* Sources */ = {
			isa = PBXSourcesBuildPhase;
			buildActionMask = 2147483647;
			files = (
				57FEBF2E2B8BC5130098A10F /* RecipeTableCell.swift in Sources */,
				57A552702B681C1C00FCF08D /* FavouritesViewController.swift in Sources */,
				576725AD2B62E7D600C3C30E /* HotDishesViewController.swift in Sources */,
				576725C12B62E8BF00C3C30E /* DessertViewModel.swift in Sources */,
				57A5527E2B69887900FCF08D /* CategoriesDishesCell.swift in Sources */,
				574C7BC42BC4388E007B2493 /* ListTableViewCell.swift in Sources */,
				573C86892B715F7E00177AA8 /* SearchButton.swift in Sources */,
				571023BB2B94CAF000E640B2 /* RecipeDescriptionCell.swift in Sources */,
				576725B52B62E83600C3C30E /* BeveragesViewController.swift in Sources */,
				57957F0C2B80C3D50027D234 /* RecipesManager.swift in Sources */,
				57A552742B6832D200FCF08D /* BaseViewController.swift in Sources */,
				573C868B2B72AEF700177AA8 /* BackButton.swift in Sources */,
				575ACE022BC7080200599576 /* ListVIewModel.swift in Sources */,
				57957F0A2B80C1710027D234 /* RecipesModel.swift in Sources */,
				574C7BC62BC486BA007B2493 /* PurchaseListManager.swift in Sources */,
				57A5526E2B681BFB00FCF08D /* HomeViewController.swift in Sources */,
				576725C32B62E8D400C3C30E /* BeveragesViewModel.swift in Sources */,
				576725B92B62E87300C3C30E /* HotDishesViewModel.swift in Sources */,
				57A552722B681C4800FCF08D /* ListViewController.swift in Sources */,
				576725B32B62E82300C3C30E /* DessertViewController.swift in Sources */,
				571023BD2B96489700E640B2 /* LineTableCell.swift in Sources */,
				5738637D2B6CFF6100A944C9 /* Categorylabel + image.swift in Sources */,
				5753E8B12BBB4E33006AAB18 /* FavouritesViewModel.swift in Sources */,
				57FEBF2C2B8BAE490098A10F /* FullInfoRecipeController.swift in Sources */,
				576725AF2B62E7F400C3C30E /* SaladsViewController.swift in Sources */,
				572A28142B5C567D00B99711 /* AppDelegate.swift in Sources */,
				57A5527C2B69804700FCF08D /* TabBarController.swift in Sources */,
				576725AB2B62E7A500C3C30E /* SoupsViewController.swift in Sources */,
				573C86932B7566B000177AA8 /* CategoryProducts.swift in Sources */,
				5753E8AF2BBB35E7006AAB18 /* FullInfoRecipeViewModel.swift in Sources */,
				573C86912B74018400177AA8 /* CategoriesProductsCell.swift in Sources */,
				576725B72B62E85C00C3C30E /* SoupsViewModel.swift in Sources */,
				576725BD2B62E89700C3C30E /* SaladsViewModel.swift in Sources */,
				57A886182B7A9A1A00F42679 /* CatalogRecipesCollectionCell.swift in Sources */,
				576725BF2B62E8AD00C3C30E /* SnacksViewModel.swift in Sources */,
				572A28162B5C567D00B99711 /* SceneDelegate.swift in Sources */,
				573C868F2B72BE9E00177AA8 /* Resources.swift in Sources */,
				576725B12B62E80A00C3C30E /* SnacksViewController.swift in Sources */,
			);
			runOnlyForDeploymentPostprocessing = 0;
		};
/* End PBXSourcesBuildPhase section */

/* Begin PBXVariantGroup section */
		572A281E2B5C567E00B99711 /* LaunchScreen.storyboard */ = {
			isa = PBXVariantGroup;
			children = (
				572A281F2B5C567E00B99711 /* Base */,
			);
			name = LaunchScreen.storyboard;
			sourceTree = "<group>";
		};
/* End PBXVariantGroup section */

/* Begin XCBuildConfiguration section */
		572A28222B5C567E00B99711 /* Debug */ = {
			isa = XCBuildConfiguration;
			buildSettings = {
				ALWAYS_SEARCH_USER_PATHS = NO;
				ASSETCATALOG_COMPILER_GENERATE_SWIFT_ASSET_SYMBOL_EXTENSIONS = YES;
				CLANG_ANALYZER_NONNULL = YES;
				CLANG_ANALYZER_NUMBER_OBJECT_CONVERSION = YES_AGGRESSIVE;
				CLANG_CXX_LANGUAGE_STANDARD = "gnu++20";
				CLANG_ENABLE_MODULES = YES;
				CLANG_ENABLE_OBJC_ARC = YES;
				CLANG_ENABLE_OBJC_WEAK = YES;
				CLANG_WARN_BLOCK_CAPTURE_AUTORELEASING = YES;
				CLANG_WARN_BOOL_CONVERSION = YES;
				CLANG_WARN_COMMA = YES;
				CLANG_WARN_CONSTANT_CONVERSION = YES;
				CLANG_WARN_DEPRECATED_OBJC_IMPLEMENTATIONS = YES;
				CLANG_WARN_DIRECT_OBJC_ISA_USAGE = YES_ERROR;
				CLANG_WARN_DOCUMENTATION_COMMENTS = YES;
				CLANG_WARN_EMPTY_BODY = YES;
				CLANG_WARN_ENUM_CONVERSION = YES;
				CLANG_WARN_INFINITE_RECURSION = YES;
				CLANG_WARN_INT_CONVERSION = YES;
				CLANG_WARN_NON_LITERAL_NULL_CONVERSION = YES;
				CLANG_WARN_OBJC_IMPLICIT_RETAIN_SELF = YES;
				CLANG_WARN_OBJC_LITERAL_CONVERSION = YES;
				CLANG_WARN_OBJC_ROOT_CLASS = YES_ERROR;
				CLANG_WARN_QUOTED_INCLUDE_IN_FRAMEWORK_HEADER = YES;
				CLANG_WARN_RANGE_LOOP_ANALYSIS = YES;
				CLANG_WARN_STRICT_PROTOTYPES = YES;
				CLANG_WARN_SUSPICIOUS_MOVE = YES;
				CLANG_WARN_UNGUARDED_AVAILABILITY = YES_AGGRESSIVE;
				CLANG_WARN_UNREACHABLE_CODE = YES;
				CLANG_WARN__DUPLICATE_METHOD_MATCH = YES;
				COPY_PHASE_STRIP = NO;
				DEBUG_INFORMATION_FORMAT = dwarf;
				ENABLE_STRICT_OBJC_MSGSEND = YES;
				ENABLE_TESTABILITY = YES;
				ENABLE_USER_SCRIPT_SANDBOXING = YES;
				GCC_C_LANGUAGE_STANDARD = gnu17;
				GCC_DYNAMIC_NO_PIC = NO;
				GCC_NO_COMMON_BLOCKS = YES;
				GCC_OPTIMIZATION_LEVEL = 0;
				GCC_PREPROCESSOR_DEFINITIONS = (
					"DEBUG=1",
					"$(inherited)",
				);
				GCC_WARN_64_TO_32_BIT_CONVERSION = YES;
				GCC_WARN_ABOUT_RETURN_TYPE = YES_ERROR;
				GCC_WARN_UNDECLARED_SELECTOR = YES;
				GCC_WARN_UNINITIALIZED_AUTOS = YES_AGGRESSIVE;
				GCC_WARN_UNUSED_FUNCTION = YES;
				GCC_WARN_UNUSED_VARIABLE = YES;
				IPHONEOS_DEPLOYMENT_TARGET = 17.2;
				LOCALIZATION_PREFERS_STRING_CATALOGS = YES;
				MTL_ENABLE_DEBUG_INFO = INCLUDE_SOURCE;
				MTL_FAST_MATH = YES;
				ONLY_ACTIVE_ARCH = YES;
				SDKROOT = iphoneos;
				SWIFT_ACTIVE_COMPILATION_CONDITIONS = "DEBUG $(inherited)";
				SWIFT_OPTIMIZATION_LEVEL = "-Onone";
			};
			name = Debug;
		};
		572A28232B5C567E00B99711 /* Release */ = {
			isa = XCBuildConfiguration;
			buildSettings = {
				ALWAYS_SEARCH_USER_PATHS = NO;
				ASSETCATALOG_COMPILER_GENERATE_SWIFT_ASSET_SYMBOL_EXTENSIONS = YES;
				CLANG_ANALYZER_NONNULL = YES;
				CLANG_ANALYZER_NUMBER_OBJECT_CONVERSION = YES_AGGRESSIVE;
				CLANG_CXX_LANGUAGE_STANDARD = "gnu++20";
				CLANG_ENABLE_MODULES = YES;
				CLANG_ENABLE_OBJC_ARC = YES;
				CLANG_ENABLE_OBJC_WEAK = YES;
				CLANG_WARN_BLOCK_CAPTURE_AUTORELEASING = YES;
				CLANG_WARN_BOOL_CONVERSION = YES;
				CLANG_WARN_COMMA = YES;
				CLANG_WARN_CONSTANT_CONVERSION = YES;
				CLANG_WARN_DEPRECATED_OBJC_IMPLEMENTATIONS = YES;
				CLANG_WARN_DIRECT_OBJC_ISA_USAGE = YES_ERROR;
				CLANG_WARN_DOCUMENTATION_COMMENTS = YES;
				CLANG_WARN_EMPTY_BODY = YES;
				CLANG_WARN_ENUM_CONVERSION = YES;
				CLANG_WARN_INFINITE_RECURSION = YES;
				CLANG_WARN_INT_CONVERSION = YES;
				CLANG_WARN_NON_LITERAL_NULL_CONVERSION = YES;
				CLANG_WARN_OBJC_IMPLICIT_RETAIN_SELF = YES;
				CLANG_WARN_OBJC_LITERAL_CONVERSION = YES;
				CLANG_WARN_OBJC_ROOT_CLASS = YES_ERROR;
				CLANG_WARN_QUOTED_INCLUDE_IN_FRAMEWORK_HEADER = YES;
				CLANG_WARN_RANGE_LOOP_ANALYSIS = YES;
				CLANG_WARN_STRICT_PROTOTYPES = YES;
				CLANG_WARN_SUSPICIOUS_MOVE = YES;
				CLANG_WARN_UNGUARDED_AVAILABILITY = YES_AGGRESSIVE;
				CLANG_WARN_UNREACHABLE_CODE = YES;
				CLANG_WARN__DUPLICATE_METHOD_MATCH = YES;
				COPY_PHASE_STRIP = NO;
				DEBUG_INFORMATION_FORMAT = "dwarf-with-dsym";
				ENABLE_NS_ASSERTIONS = NO;
				ENABLE_STRICT_OBJC_MSGSEND = YES;
				ENABLE_USER_SCRIPT_SANDBOXING = YES;
				GCC_C_LANGUAGE_STANDARD = gnu17;
				GCC_NO_COMMON_BLOCKS = YES;
				GCC_WARN_64_TO_32_BIT_CONVERSION = YES;
				GCC_WARN_ABOUT_RETURN_TYPE = YES_ERROR;
				GCC_WARN_UNDECLARED_SELECTOR = YES;
				GCC_WARN_UNINITIALIZED_AUTOS = YES_AGGRESSIVE;
				GCC_WARN_UNUSED_FUNCTION = YES;
				GCC_WARN_UNUSED_VARIABLE = YES;
				IPHONEOS_DEPLOYMENT_TARGET = 17.2;
				LOCALIZATION_PREFERS_STRING_CATALOGS = YES;
				MTL_ENABLE_DEBUG_INFO = NO;
				MTL_FAST_MATH = YES;
				SDKROOT = iphoneos;
				SWIFT_COMPILATION_MODE = wholemodule;
				VALIDATE_PRODUCT = YES;
			};
			name = Release;
		};
		572A28252B5C567E00B99711 /* Debug */ = {
			isa = XCBuildConfiguration;
			buildSettings = {
				ASSETCATALOG_COMPILER_APPICON_NAME = AppIcon;
				ASSETCATALOG_COMPILER_GLOBAL_ACCENT_COLOR_NAME = AccentColor;
				CODE_SIGN_STYLE = Automatic;
				CURRENT_PROJECT_VERSION = 1;
				GENERATE_INFOPLIST_FILE = YES;
				INFOPLIST_FILE = "Kitchen Helper/Others/Info.plist";
				INFOPLIST_KEY_UIApplicationSupportsIndirectInputEvents = YES;
				INFOPLIST_KEY_UILaunchStoryboardName = LaunchScreen;
				INFOPLIST_KEY_UISupportedInterfaceOrientations_iPad = "UIInterfaceOrientationPortrait UIInterfaceOrientationPortraitUpsideDown UIInterfaceOrientationLandscapeLeft UIInterfaceOrientationLandscapeRight";
				INFOPLIST_KEY_UISupportedInterfaceOrientations_iPhone = "UIInterfaceOrientationPortrait UIInterfaceOrientationLandscapeLeft UIInterfaceOrientationLandscapeRight";
				LD_RUNPATH_SEARCH_PATHS = (
					"$(inherited)",
					"@executable_path/Frameworks",
				);
				MARKETING_VERSION = 1.0;
				PRODUCT_BUNDLE_IDENTIFIER = "com.sashaloc.Kitchen-Helper";
				PRODUCT_NAME = "$(TARGET_NAME)";
				SWIFT_EMIT_LOC_STRINGS = YES;
				SWIFT_VERSION = 5.0;
				TARGETED_DEVICE_FAMILY = "1,2";
			};
			name = Debug;
		};
		572A28262B5C567E00B99711 /* Release */ = {
			isa = XCBuildConfiguration;
			buildSettings = {
				ASSETCATALOG_COMPILER_APPICON_NAME = AppIcon;
				ASSETCATALOG_COMPILER_GLOBAL_ACCENT_COLOR_NAME = AccentColor;
				CODE_SIGN_STYLE = Automatic;
				CURRENT_PROJECT_VERSION = 1;
				GENERATE_INFOPLIST_FILE = YES;
				INFOPLIST_FILE = "Kitchen Helper/Others/Info.plist";
				INFOPLIST_KEY_UIApplicationSupportsIndirectInputEvents = YES;
				INFOPLIST_KEY_UILaunchStoryboardName = LaunchScreen;
				INFOPLIST_KEY_UISupportedInterfaceOrientations_iPad = "UIInterfaceOrientationPortrait UIInterfaceOrientationPortraitUpsideDown UIInterfaceOrientationLandscapeLeft UIInterfaceOrientationLandscapeRight";
				INFOPLIST_KEY_UISupportedInterfaceOrientations_iPhone = "UIInterfaceOrientationPortrait UIInterfaceOrientationLandscapeLeft UIInterfaceOrientationLandscapeRight";
				LD_RUNPATH_SEARCH_PATHS = (
					"$(inherited)",
					"@executable_path/Frameworks",
				);
				MARKETING_VERSION = 1.0;
				PRODUCT_BUNDLE_IDENTIFIER = "com.sashaloc.Kitchen-Helper";
				PRODUCT_NAME = "$(TARGET_NAME)";
				SWIFT_EMIT_LOC_STRINGS = YES;
				SWIFT_VERSION = 5.0;
				TARGETED_DEVICE_FAMILY = "1,2";
			};
			name = Release;
		};
/* End XCBuildConfiguration section */

/* Begin XCConfigurationList section */
		572A280B2B5C567D00B99711 /* Build configuration list for PBXProject "Kitchen Helper" */ = {
			isa = XCConfigurationList;
			buildConfigurations = (
				572A28222B5C567E00B99711 /* Debug */,
				572A28232B5C567E00B99711 /* Release */,
			);
			defaultConfigurationIsVisible = 0;
			defaultConfigurationName = Release;
		};
		572A28242B5C567E00B99711 /* Build configuration list for PBXNativeTarget "Kitchen Helper" */ = {
			isa = XCConfigurationList;
			buildConfigurations = (
				572A28252B5C567E00B99711 /* Debug */,
				572A28262B5C567E00B99711 /* Release */,
			);
			defaultConfigurationIsVisible = 0;
			defaultConfigurationName = Release;
		};
/* End XCConfigurationList section */

/* Begin XCRemoteSwiftPackageReference section */
		57957F042B80C05E0027D234 /* XCRemoteSwiftPackageReference "realm-swift" */ = {
			isa = XCRemoteSwiftPackageReference;
			repositoryURL = "https://github.com/realm/realm-swift";
			requirement = {
				branch = master;
				kind = branch;
			};
		};
		57A552752B6836E200FCF08D /* XCRemoteSwiftPackageReference "SnapKit" */ = {
			isa = XCRemoteSwiftPackageReference;
			repositoryURL = "https://github.com/SnapKit/SnapKit";
			requirement = {
				kind = upToNextMajorVersion;
				minimumVersion = 5.7.0;
			};
		};
/* End XCRemoteSwiftPackageReference section */

/* Begin XCSwiftPackageProductDependency section */
		57957F052B80C05E0027D234 /* Realm */ = {
			isa = XCSwiftPackageProductDependency;
			package = 57957F042B80C05E0027D234 /* XCRemoteSwiftPackageReference "realm-swift" */;
			productName = Realm;
		};
		57957F072B80C05E0027D234 /* RealmSwift */ = {
			isa = XCSwiftPackageProductDependency;
			package = 57957F042B80C05E0027D234 /* XCRemoteSwiftPackageReference "realm-swift" */;
			productName = RealmSwift;
		};
		57A552762B6836E200FCF08D /* SnapKit */ = {
			isa = XCSwiftPackageProductDependency;
			package = 57A552752B6836E200FCF08D /* XCRemoteSwiftPackageReference "SnapKit" */;
			productName = SnapKit;
		};
		57A552782B6836E200FCF08D /* SnapKit-Dynamic */ = {
			isa = XCSwiftPackageProductDependency;
			package = 57A552752B6836E200FCF08D /* XCRemoteSwiftPackageReference "SnapKit" */;
			productName = "SnapKit-Dynamic";
		};
/* End XCSwiftPackageProductDependency section */
	};
	rootObject = 572A28082B5C567D00B99711 /* Project object */;
}
